
Microsoft Visual Studio Solution File, Format Version 12.00
# Visual Studio 15
VisualStudioVersion = 15.0.28307.102
MinimumVisualStudioVersion = 10.0.40219.1
Project("{FAE04EC0-301F-11D3-BF4B-00C04F79EFBC}") = "Bank_ApplicationWCFREST", "Bank_ApplicationWCFREST\Bank_ApplicationWCFREST.csproj", "{AC316A78-33CF-47EA-B4E0-6CE6D91B3807}"
EndProject
Global
	GlobalSection(SolutionConfigurationPlatforms) = preSolution
		Debug|Any CPU = Debug|Any CPU
		Release|Any CPU = Release|Any CPU
	EndGlobalSection
	GlobalSection(ProjectConfigurationPlatforms) = postSolution
		{AC316A78-33CF-47EA-B4E0-6CE6D91B3807}.Debug|Any CPU.ActiveCfg = Debug|Any CPU
		{AC316A78-33CF-47EA-B4E0-6CE6D91B3807}.Debug|Any CPU.Build.0 = Debug|Any CPU
		{AC316A78-33CF-47EA-B4E0-6CE6D91B3807}.Release|Any CPU.ActiveCfg = Release|Any CPU
		{AC316A78-33CF-47EA-B4E0-6CE6D91B3807}.Release|Any CPU.Build.0 = Release|Any CPU
	EndGlobalSection
	GlobalSection(SolutionProperties) = preSolution
		HideSolutionNode = FALSE
	EndGlobalSection
	GlobalSection(ExtensibilityGlobals) = postSolution
		SolutionGuid = {2D9701FF-3655-40F0-A88B-D0614798F944}
	EndGlobalSection
EndGlobal
